PODS:
  - AFNetworking (2.2.0):
    - AFNetworking/NSURLConnection
    - AFNetworking/NSURLSession
    - AFNetworking/Reachability
    - AFNetworking/Security
    - AFNetworking/Serialization
    - AFNetworking/UIKit
  - AFNetworking/NSURLConnection (2.2.0):
    - AFNetworking/Reachability
    - AFNetworking/Security
    - AFNetworking/Serialization
  - AFNetworking/NSURLSession (2.2.0):
    - AFNetworking/NSURLConnection
  - AFNetworking/Reachability (2.2.0)
  - AFNetworking/Security (2.2.0)
  - AFNetworking/Serialization (2.2.0)
  - AFNetworking/UIKit (2.2.0):
    - AFNetworking/NSURLConnection
    - AFNetworking/NSURLSession
  - Mantle (1.4):
    - Mantle/extobjc
  - Mantle/extobjc (1.4)
  - RaptureXML (1.0.1)
  - StringScore (0.0.2)
  - SVProgressHUD (1.0)
  - TestFlightSDK (3.0.0)

DEPENDENCIES:
  - AFNetworking (~> 2.0)
  - Mantle (~> 1.1)
  - RaptureXML (~> 1.0)
  - StringScore (from `https://github.com/xhacker/StringScore.git`)
  - SVProgressHUD (~> 1.0)
  - TestFlightSDK

EXTERNAL SOURCES:
  StringScore:
    :git: https://github.com/xhacker/StringScore.git

SPEC CHECKSUMS:
  AFNetworking: e8cfd8f3fe3bfe19124a0cc63f4d45752d892a56
  Mantle: de026e86c183c5adfd453c1d8419babb787fea97
  RaptureXML: ef017fda62eb95c60300108366d1f0cd0c28cbd4
  StringScore: 6d8ecb1c54265ebe0d993b13dcbd71e73ead5258
  SVProgressHUD: 5e10939a296debf5fe5a5895eda9539b8b2114f1
  TestFlightSDK: 71e3e78d3a46144dbad975a4bf80a14dae6a818a

COCOAPODS: 0.29.0
