PODS:
  - AFNetworking (2.2.1):
    - AFNetworking/NSURLConnection (= 2.2.1)
    - AFNetworking/NSURLSession (= 2.2.1)
    - AFNetworking/Reachability (= 2.2.1)
    - AFNetworking/Security (= 2.2.1)
    - AFNetworking/Serialization (= 2.2.1)
    - AFNetworking/UIKit (= 2.2.1)
  - AFNetworking/NSURLConnection (2.2.1):
    - AFNetworking/Reachability
    - AFNetworking/Security
    - AFNetworking/Serialization
  - AFNetworking/NSURLSession (2.2.1):
    - AFNetworking/NSURLConnection
  - AFNetworking/Reachability (2.2.1)
  - AFNetworking/Security (2.2.1)
  - AFNetworking/Serialization (2.2.1)
  - AFNetworking/UIKit (2.2.1):
    - AFNetworking/NSURLConnection
    - AFNetworking/NSURLSession
  - Mantle (1.4.1):
    - Mantle/extobjc (= 1.4.1)
  - Mantle/extobjc (1.4.1)
  - Ono (0.0.5)
  - RaptureXML (1.0.1)
  - StringScore (0.0.2)
  - SVProgressHUD (1.0)

DEPENDENCIES:
  - AFNetworking (~> 2.0)
  - Mantle (~> 1.1)
  - Ono
  - RaptureXML (~> 1.0)
  - StringScore (from `https://github.com/xhacker/StringScore.git`)
  - SVProgressHUD (~> 1.0)

EXTERNAL SOURCES:
  StringScore:
    :git: https://github.com/xhacker/StringScore.git

CHECKOUT OPTIONS:
  StringScore:
    :commit: a59f719d4ed42dbed94d29b0227a2af5e9a95eff
    :git: https://github.com/xhacker/StringScore.git

SPEC CHECKSUMS:
  AFNetworking: 59a0b8e9ecd4e194d64b4967232cd2cc83490113
  Mantle: 3219c0181d918508689af61c77891b12dbb28215
  Ono: 92b31132806e1ff41e750f7048fac19b5bde361f
  RaptureXML: b5c33c04c1a4adfd8ad0d5463329a31820596e82
  StringScore: 37f992ff8d2571fefcbd30496383642fe2f6fd19
  SVProgressHUD: 46088807596a795cbcb4affd92cf3f13b6ab3dda

PODFILE CHECKSUM: 0798d91c72c2b48fca020a35875b3d5c2e8cade3

COCOAPODS: 1.4.0
