// !$*UTF8*$!
{
	archiveVersion = 1;
	classes = {
	};
	objectVersion = 46;
	objects = {

/* Begin PBXBuildFile section */
		1A2A56EE173DECC70022F7AE /* icon-57.png in Resources */ = {isa = PBXBuildFile; fileRef = 1A2A56ED173DECC70022F7AE /* icon-57.png */; };
		1A2A56F0173DECCB0022F7AE /* icon-57@2x.png in Resources */ = {isa = PBXBuildFile; fileRef = 1A2A56EF173DECCB0022F7AE /* icon-57@2x.png */; };
		1A4011461750A6AE00359440 /* ShokaFavoritesViewController.m in Sources */ = {isa = PBXBuildFile; fileRef = 1A4011451750A6AE00359440 /* ShokaFavoritesViewController.m */; };
		1A42E6DD1764A8D9009D70EA /* icon-72.png in Resources */ = {isa = PBXBuildFile; fileRef = 1A42E6DB1764A8D9009D70EA /* icon-72.png */; };
		1A42E6DE1764A8D9009D70EA /* icon-72@2x.png in Resources */ = {isa = PBXBuildFile; fileRef = 1A42E6DC1764A8D9009D70EA /* icon-72@2x.png */; };
		1A6508B4173404F000F0100C /* ShokaFavorites.m in Sources */ = {isa = PBXBuildFile; fileRef = 1A6508B3173404F000F0100C /* ShokaFavorites.m */; };
		1A6508B81734053600F0100C /* ShokaResult.m in Sources */ = {isa = PBXBuildFile; fileRef = 1A6508B71734053600F0100C /* ShokaResult.m */; };
		1A6508BB1734054D00F0100C /* ShokaBook.m in Sources */ = {isa = PBXBuildFile; fileRef = 1A6508BA1734054D00F0100C /* ShokaBook.m */; };
		1A7BD7A4175C947100D867CB /* favorite-0.png in Resources */ = {isa = PBXBuildFile; fileRef = 1A7BD7A0175C947100D867CB /* favorite-0.png */; };
		1A7BD7A5175C947100D867CB /* favorite-0@2x.png in Resources */ = {isa = PBXBuildFile; fileRef = 1A7BD7A1175C947100D867CB /* favorite-0@2x.png */; };
		1A7BD7AA175C957300D867CB /* favorite-1.png in Resources */ = {isa = PBXBuildFile; fileRef = 1A7BD7A8175C957300D867CB /* favorite-1.png */; };
		1A7BD7AB175C957300D867CB /* favorite-1@2x.png in Resources */ = {isa = PBXBuildFile; fileRef = 1A7BD7A9175C957300D867CB /* favorite-1@2x.png */; };
		1A7BD7AE175C99A900D867CB /* back.png in Resources */ = {isa = PBXBuildFile; fileRef = 1A7BD7AC175C99A900D867CB /* back.png */; };
		1A7BD7AF175C99A900D867CB /* back@2x.png in Resources */ = {isa = PBXBuildFile; fileRef = 1A7BD7AD175C99A900D867CB /* back@2x.png */; };
		1AC8A1EE173BB8B000A512A0 /* ShokaGrayView.m in Sources */ = {isa = PBXBuildFile; fileRef = 1AC8A1ED173BB8B000A512A0 /* ShokaGrayView.m */; };
		1AC8A1F1173BFCD800A512A0 /* ShokaItemTableViewCell.m in Sources */ = {isa = PBXBuildFile; fileRef = 1AC8A1F0173BFCD800A512A0 /* ShokaItemTableViewCell.m */; };
		2E4C1733057E47428147FE57 /* libPods.a in Frameworks */ = {isa = PBXBuildFile; fileRef = 591146B6C9BF46D6B930A9A0 /* libPods.a */; };
		4F2D96AD173417F90026EE80 /* ShokaWebpacAPI.m in Sources */ = {isa = PBXBuildFile; fileRef = 4F2D96AC173417F90026EE80 /* ShokaWebpacAPI.m */; };
		4F2D96B01734182F0026EE80 /* ShokaDoubanAPI.m in Sources */ = {isa = PBXBuildFile; fileRef = 4F2D96AF1734182F0026EE80 /* ShokaDoubanAPI.m */; };
		4FBD69C417366D3900DB98B7 /* ShokaBookDetailViewController.m in Sources */ = {isa = PBXBuildFile; fileRef = 4FBD69C317366D3900DB98B7 /* ShokaBookDetailViewController.m */; };
		4FBD69C717368B9700DB98B7 /* ShokaItem.m in Sources */ = {isa = PBXBuildFile; fileRef = 4FBD69C617368B9700DB98B7 /* ShokaItem.m */; };
		4FEDF5391717B8F300C2CC75 /* UIKit.framework in Frameworks */ = {isa = PBXBuildFile; fileRef = 4FEDF5381717B8F300C2CC75 /* UIKit.framework */; };
		4FEDF53B1717B8F300C2CC75 /* Foundation.framework in Frameworks */ = {isa = PBXBuildFile; fileRef = 4FEDF53A1717B8F300C2CC75 /* Foundation.framework */; };
		4FEDF53D1717B8F300C2CC75 /* CoreGraphics.framework in Frameworks */ = {isa = PBXBuildFile; fileRef = 4FEDF53C1717B8F300C2CC75 /* CoreGraphics.framework */; };
		4FEDF5431717B8F300C2CC75 /* InfoPlist.strings in Resources */ = {isa = PBXBuildFile; fileRef = 4FEDF5411717B8F300C2CC75 /* InfoPlist.strings */; };
		4FEDF5451717B8F300C2CC75 /* main.m in Sources */ = {isa = PBXBuildFile; fileRef = 4FEDF5441717B8F300C2CC75 /* main.m */; };
		4FEDF5491717B8F300C2CC75 /* ShokaAppDelegate.m in Sources */ = {isa = PBXBuildFile; fileRef = 4FEDF5481717B8F300C2CC75 /* ShokaAppDelegate.m */; };
		4FEDF54B1717B8F300C2CC75 /* Default.png in Resources */ = {isa = PBXBuildFile; fileRef = 4FEDF54A1717B8F300C2CC75 /* Default.png */; };
		4FEDF54D1717B8F300C2CC75 /* Default@2x.png in Resources */ = {isa = PBXBuildFile; fileRef = 4FEDF54C1717B8F300C2CC75 /* Default@2x.png */; };
		4FEDF54F1717B8F300C2CC75 /* Default-568h@2x.png in Resources */ = {isa = PBXBuildFile; fileRef = 4FEDF54E1717B8F300C2CC75 /* Default-568h@2x.png */; };
		4FEDF5521717B8F400C2CC75 /* MainStoryboard_iPhone.storyboard in Resources */ = {isa = PBXBuildFile; fileRef = 4FEDF5501717B8F400C2CC75 /* MainStoryboard_iPhone.storyboard */; };
		4FEDF5551717B8F400C2CC75 /* MainStoryboard_iPad.storyboard in Resources */ = {isa = PBXBuildFile; fileRef = 4FEDF5531717B8F400C2CC75 /* MainStoryboard_iPad.storyboard */; };
		4FEDF5581717B8F400C2CC75 /* ShokaViewController.m in Sources */ = {isa = PBXBuildFile; fileRef = 4FEDF5571717B8F400C2CC75 /* ShokaViewController.m */; };
		4FFEDBE41738DCCF008D87FA /* MobileCoreServices.framework in Frameworks */ = {isa = PBXBuildFile; fileRef = 4FFEDBE21738DCCF008D87FA /* MobileCoreServices.framework */; };
		4FFEDBE51738DCCF008D87FA /* SystemConfiguration.framework in Frameworks */ = {isa = PBXBuildFile; fileRef = 4FFEDBE31738DCCF008D87FA /* SystemConfiguration.framework */; };
/* End PBXBuildFile section */

/* Begin PBXFileReference section */
		1A2A56ED173DECC70022F7AE /* icon-57.png */ = {isa = PBXFileReference; lastKnownFileType = image.png; name = "icon-57.png"; path = "../../icon-57.png"; sourceTree = "<group>"; };
		1A2A56EF173DECCB0022F7AE /* icon-57@2x.png */ = {isa = PBXFileReference; lastKnownFileType = image.png; name = "icon-57@2x.png"; path = "../../icon-57@2x.png"; sourceTree = "<group>"; };
		1A4011441750A6AE00359440 /* ShokaFavoritesViewController.h */ = {isa = PBXFileReference; fileEncoding = 4; lastKnownFileType = sourcecode.c.h; path = ShokaFavoritesViewController.h; sourceTree = "<group>"; };
		1A4011451750A6AE00359440 /* ShokaFavoritesViewController.m */ = {isa = PBXFileReference; fileEncoding = 4; lastKnownFileType = sourcecode.c.objc; path = ShokaFavoritesViewController.m; sourceTree = "<group>"; };
		1A42E6DB1764A8D9009D70EA /* icon-72.png */ = {isa = PBXFileReference; lastKnownFileType = image.png; name = "icon-72.png"; path = "../../icon-72.png"; sourceTree = "<group>"; };
		1A42E6DC1764A8D9009D70EA /* icon-72@2x.png */ = {isa = PBXFileReference; lastKnownFileType = image.png; name = "icon-72@2x.png"; path = "../../icon-72@2x.png"; sourceTree = "<group>"; };
		1A6508B2173404F000F0100C /* ShokaFavorites.h */ = {isa = PBXFileReference; fileEncoding = 4; lastKnownFileType = sourcecode.c.h; path = ShokaFavorites.h; sourceTree = "<group>"; };
		1A6508B3173404F000F0100C /* ShokaFavorites.m */ = {isa = PBXFileReference; fileEncoding = 4; lastKnownFileType = sourcecode.c.objc; path = ShokaFavorites.m; sourceTree = "<group>"; };
		1A6508B61734053600F0100C /* ShokaResult.h */ = {isa = PBXFileReference; fileEncoding = 4; lastKnownFileType = sourcecode.c.h; path = ShokaResult.h; sourceTree = "<group>"; };
		1A6508B71734053600F0100C /* ShokaResult.m */ = {isa = PBXFileReference; fileEncoding = 4; lastKnownFileType = sourcecode.c.objc; path = ShokaResult.m; sourceTree = "<group>"; };
		1A6508B91734054D00F0100C /* ShokaBook.h */ = {isa = PBXFileReference; fileEncoding = 4; lastKnownFileType = sourcecode.c.h; path = ShokaBook.h; sourceTree = "<group>"; };
		1A6508BA1734054D00F0100C /* ShokaBook.m */ = {isa = PBXFileReference; fileEncoding = 4; lastKnownFileType = sourcecode.c.objc; path = ShokaBook.m; sourceTree = "<group>"; };
		1A7BD7A0175C947100D867CB /* favorite-0.png */ = {isa = PBXFileReference; lastKnownFileType = image.png; path = "favorite-0.png"; sourceTree = "<group>"; };
		1A7BD7A1175C947100D867CB /* favorite-0@2x.png */ = {isa = PBXFileReference; lastKnownFileType = image.png; path = "favorite-0@2x.png"; sourceTree = "<group>"; };
		1A7BD7A8175C957300D867CB /* favorite-1.png */ = {isa = PBXFileReference; lastKnownFileType = image.png; path = "favorite-1.png"; sourceTree = "<group>"; };
		1A7BD7A9175C957300D867CB /* favorite-1@2x.png */ = {isa = PBXFileReference; lastKnownFileType = image.png; path = "favorite-1@2x.png"; sourceTree = "<group>"; };
		1A7BD7AC175C99A900D867CB /* back.png */ = {isa = PBXFileReference; lastKnownFileType = image.png; path = back.png; sourceTree = "<group>"; };
		1A7BD7AD175C99A900D867CB /* back@2x.png */ = {isa = PBXFileReference; lastKnownFileType = image.png; path = "back@2x.png"; sourceTree = "<group>"; };
		1AC8A1EC173BB8B000A512A0 /* ShokaGrayView.h */ = {isa = PBXFileReference; fileEncoding = 4; lastKnownFileType = sourcecode.c.h; path = ShokaGrayView.h; sourceTree = "<group>"; };
		1AC8A1ED173BB8B000A512A0 /* ShokaGrayView.m */ = {isa = PBXFileReference; fileEncoding = 4; lastKnownFileType = sourcecode.c.objc; path = ShokaGrayView.m; sourceTree = "<group>"; };
		1AC8A1EF173BFCD800A512A0 /* ShokaItemTableViewCell.h */ = {isa = PBXFileReference; fileEncoding = 4; lastKnownFileType = sourcecode.c.h; path = ShokaItemTableViewCell.h; sourceTree = "<group>"; };
		1AC8A1F0173BFCD800A512A0 /* ShokaItemTableViewCell.m */ = {isa = PBXFileReference; fileEncoding = 4; lastKnownFileType = sourcecode.c.objc; path = ShokaItemTableViewCell.m; sourceTree = "<group>"; };
		4F2D96AB173417F90026EE80 /* ShokaWebpacAPI.h */ = {isa = PBXFileReference; fileEncoding = 4; lastKnownFileType = sourcecode.c.h; name = ShokaWebpacAPI.h; path = API/ShokaWebpacAPI.h; sourceTree = "<group>"; };
		4F2D96AC173417F90026EE80 /* ShokaWebpacAPI.m */ = {isa = PBXFileReference; fileEncoding = 4; lastKnownFileType = sourcecode.c.objc; name = ShokaWebpacAPI.m; path = API/ShokaWebpacAPI.m; sourceTree = "<group>"; };
		4F2D96AE1734182F0026EE80 /* ShokaDoubanAPI.h */ = {isa = PBXFileReference; fileEncoding = 4; lastKnownFileType = sourcecode.c.h; name = ShokaDoubanAPI.h; path = API/ShokaDoubanAPI.h; sourceTree = "<group>"; };
		4F2D96AF1734182F0026EE80 /* ShokaDoubanAPI.m */ = {isa = PBXFileReference; fileEncoding = 4; lastKnownFileType = sourcecode.c.objc; name = ShokaDoubanAPI.m; path = API/ShokaDoubanAPI.m; sourceTree = "<group>"; };
		4FBD69C217366D3900DB98B7 /* ShokaBookDetailViewController.h */ = {isa = PBXFileReference; fileEncoding = 4; lastKnownFileType = sourcecode.c.h; path = ShokaBookDetailViewController.h; sourceTree = "<group>"; };
		4FBD69C317366D3900DB98B7 /* ShokaBookDetailViewController.m */ = {isa = PBXFileReference; fileEncoding = 4; lastKnownFileType = sourcecode.c.objc; path = ShokaBookDetailViewController.m; sourceTree = "<group>"; };
		4FBD69C517368B9700DB98B7 /* ShokaItem.h */ = {isa = PBXFileReference; fileEncoding = 4; lastKnownFileType = sourcecode.c.h; name = ShokaItem.h; path = Model/ShokaItem.h; sourceTree = "<group>"; };
		4FBD69C617368B9700DB98B7 /* ShokaItem.m */ = {isa = PBXFileReference; fileEncoding = 4; lastKnownFileType = sourcecode.c.objc; name = ShokaItem.m; path = Model/ShokaItem.m; sourceTree = "<group>"; };
		4FEDF5351717B8F300C2CC75 /* Shoka.app */ = {isa = PBXFileReference; explicitFileType = wrapper.application; includeInIndex = 0; path = Shoka.app; sourceTree = BUILT_PRODUCTS_DIR; };
		4FEDF5381717B8F300C2CC75 /* UIKit.framework */ = {isa = PBXFileReference; lastKnownFileType = wrapper.framework; name = UIKit.framework; path = System/Library/Frameworks/UIKit.framework; sourceTree = SDKROOT; };
		4FEDF53A1717B8F300C2CC75 /* Foundation.framework */ = {isa = PBXFileReference; lastKnownFileType = wrapper.framework; name = Foundation.framework; path = System/Library/Frameworks/Foundation.framework; sourceTree = SDKROOT; };
		4FEDF53C1717B8F300C2CC75 /* CoreGraphics.framework */ = {isa = PBXFileReference; lastKnownFileType = wrapper.framework; name = CoreGraphics.framework; path = System/Library/Frameworks/CoreGraphics.framework; sourceTree = SDKROOT; };
		4FEDF5401717B8F300C2CC75 /* Shoka-Info.plist */ = {isa = PBXFileReference; lastKnownFileType = text.plist.xml; path = "Shoka-Info.plist"; sourceTree = "<group>"; };
		4FEDF5421717B8F300C2CC75 /* en */ = {isa = PBXFileReference; lastKnownFileType = text.plist.strings; name = en; path = en.lproj/InfoPlist.strings; sourceTree = "<group>"; };
		4FEDF5441717B8F300C2CC75 /* main.m */ = {isa = PBXFileReference; lastKnownFileType = sourcecode.c.objc; path = main.m; sourceTree = "<group>"; };
		4FEDF5461717B8F300C2CC75 /* Shoka-Prefix.pch */ = {isa = PBXFileReference; lastKnownFileType = sourcecode.c.h; path = "Shoka-Prefix.pch"; sourceTree = "<group>"; };
		4FEDF5471717B8F300C2CC75 /* ShokaAppDelegate.h */ = {isa = PBXFileReference; lastKnownFileType = sourcecode.c.h; path = ShokaAppDelegate.h; sourceTree = "<group>"; };
		4FEDF5481717B8F300C2CC75 /* ShokaAppDelegate.m */ = {isa = PBXFileReference; lastKnownFileType = sourcecode.c.objc; path = ShokaAppDelegate.m; sourceTree = "<group>"; };
		4FEDF54A1717B8F300C2CC75 /* Default.png */ = {isa = PBXFileReference; lastKnownFileType = image.png; path = Default.png; sourceTree = "<group>"; };
		4FEDF54C1717B8F300C2CC75 /* Default@2x.png */ = {isa = PBXFileReference; lastKnownFileType = image.png; path = "Default@2x.png"; sourceTree = "<group>"; };
		4FEDF54E1717B8F300C2CC75 /* Default-568h@2x.png */ = {isa = PBXFileReference; lastKnownFileType = image.png; path = "Default-568h@2x.png"; sourceTree = "<group>"; };
		4FEDF5511717B8F400C2CC75 /* en */ = {isa = PBXFileReference; lastKnownFileType = file.storyboard; name = en; path = en.lproj/MainStoryboard_iPhone.storyboard; sourceTree = "<group>"; };
		4FEDF5541717B8F400C2CC75 /* en */ = {isa = PBXFileReference; lastKnownFileType = file.storyboard; name = en; path = en.lproj/MainStoryboard_iPad.storyboard; sourceTree = "<group>"; };
		4FEDF5561717B8F400C2CC75 /* ShokaViewController.h */ = {isa = PBXFileReference; lastKnownFileType = sourcecode.c.h; path = ShokaViewController.h; sourceTree = "<group>"; };
		4FEDF5571717B8F400C2CC75 /* ShokaViewController.m */ = {isa = PBXFileReference; lastKnownFileType = sourcecode.c.objc; path = ShokaViewController.m; sourceTree = "<group>"; };
		4FFEDBE21738DCCF008D87FA /* MobileCoreServices.framework */ = {isa = PBXFileReference; lastKnownFileType = wrapper.framework; name = MobileCoreServices.framework; path = Platforms/iPhoneOS.platform/Developer/SDKs/iPhoneOS6.1.sdk/System/Library/Frameworks/MobileCoreServices.framework; sourceTree = DEVELOPER_DIR; };
		4FFEDBE31738DCCF008D87FA /* SystemConfiguration.framework */ = {isa = PBXFileReference; lastKnownFileType = wrapper.framework; name = SystemConfiguration.framework; path = Platforms/iPhoneOS.platform/Developer/SDKs/iPhoneOS6.1.sdk/System/Library/Frameworks/SystemConfiguration.framework; sourceTree = DEVELOPER_DIR; };
		591146B6C9BF46D6B930A9A0 /* libPods.a */ = {isa = PBXFileReference; explicitFileType = archive.ar; includeInIndex = 0; path = libPods.a; sourceTree = BUILT_PRODUCTS_DIR; };
		68C59F1202C041A0917BEDBA /* Pods.xcconfig */ = {isa = PBXFileReference; includeInIndex = 1; lastKnownFileType = text.xcconfig; name = Pods.xcconfig; path = Pods/Pods.xcconfig; sourceTree = SOURCE_ROOT; };
/* End PBXFileReference section */

/* Begin PBXFrameworksBuildPhase section */
		4FEDF5321717B8F300C2CC75 /* Frameworks */ = {
			isa = PBXFrameworksBuildPhase;
			buildActionMask = 2147483647;
			files = (
				4FEDF5391717B8F300C2CC75 /* UIKit.framework in Frameworks */,
				4FEDF53B1717B8F300C2CC75 /* Foundation.framework in Frameworks */,
				4FEDF53D1717B8F300C2CC75 /* CoreGraphics.framework in Frameworks */,
				2E4C1733057E47428147FE57 /* libPods.a in Frameworks */,
				4FFEDBE41738DCCF008D87FA /* MobileCoreServices.framework in Frameworks */,
				4FFEDBE51738DCCF008D87FA /* SystemConfiguration.framework in Frameworks */,
			);
			runOnlyForDeploymentPostprocessing = 0;
		};
/* End PBXFrameworksBuildPhase section */

/* Begin PBXGroup section */
		1A4011411750A5F100359440 /* Book Detail */ = {
			isa = PBXGroup;
			children = (
				4FBD69C217366D3900DB98B7 /* ShokaBookDetailViewController.h */,
				4FBD69C317366D3900DB98B7 /* ShokaBookDetailViewController.m */,
				1AC8A1EF173BFCD800A512A0 /* ShokaItemTableViewCell.h */,
				1AC8A1F0173BFCD800A512A0 /* ShokaItemTableViewCell.m */,
			);
			name = "Book Detail";
			sourceTree = "<group>";
		};
		1A4011421750A5FA00359440 /* Search */ = {
			isa = PBXGroup;
			children = (
				4FEDF5561717B8F400C2CC75 /* ShokaViewController.h */,
				4FEDF5571717B8F400C2CC75 /* ShokaViewController.m */,
				1AC8A1EC173BB8B000A512A0 /* ShokaGrayView.h */,
				1AC8A1ED173BB8B000A512A0 /* ShokaGrayView.m */,
			);
			name = Search;
			sourceTree = "<group>";
		};
		1A4011431750A60100359440 /* View */ = {
			isa = PBXGroup;
			children = (
				4FEDF5501717B8F400C2CC75 /* MainStoryboard_iPhone.storyboard */,
				4FEDF5531717B8F400C2CC75 /* MainStoryboard_iPad.storyboard */,
			);
			name = View;
			sourceTree = "<group>";
		};
		1A4011471750A86A00359440 /* Favorites */ = {
			isa = PBXGroup;
			children = (
				1A4011441750A6AE00359440 /* ShokaFavoritesViewController.h */,
				1A4011451750A6AE00359440 /* ShokaFavoritesViewController.m */,
			);
			name = Favorites;
			sourceTree = "<group>";
		};
		1A4011481750A87700359440 /* Controller */ = {
			isa = PBXGroup;
			children = (
				4FEDF5471717B8F300C2CC75 /* ShokaAppDelegate.h */,
				4FEDF5481717B8F300C2CC75 /* ShokaAppDelegate.m */,
				1A4011421750A5FA00359440 /* Search */,
				1A4011471750A86A00359440 /* Favorites */,
				1A4011411750A5F100359440 /* Book Detail */,
			);
			name = Controller;
			sourceTree = "<group>";
		};
		1A6508B51734051800F0100C /* Model */ = {
			isa = PBXGroup;
			children = (
				1A6508B2173404F000F0100C /* ShokaFavorites.h */,
				1A6508B3173404F000F0100C /* ShokaFavorites.m */,
				1A6508B61734053600F0100C /* ShokaResult.h */,
				1A6508B71734053600F0100C /* ShokaResult.m */,
				1A6508B91734054D00F0100C /* ShokaBook.h */,
				1A6508BA1734054D00F0100C /* ShokaBook.m */,
				4FBD69C517368B9700DB98B7 /* ShokaItem.h */,
				4FBD69C617368B9700DB98B7 /* ShokaItem.m */,
			);
			name = Model;
			sourceTree = "<group>";
		};
		1AC8A1DF173BAF6A00A512A0 /* Resources */ = {
			isa = PBXGroup;
			children = (
				1A2A56EF173DECCB0022F7AE /* icon-57@2x.png */,
				1A2A56ED173DECC70022F7AE /* icon-57.png */,
				1A42E6DB1764A8D9009D70EA /* icon-72.png */,
				1A42E6DC1764A8D9009D70EA /* icon-72@2x.png */,
				1A7BD7A0175C947100D867CB /* favorite-0.png */,
				1A7BD7A1175C947100D867CB /* favorite-0@2x.png */,
				1A7BD7A8175C957300D867CB /* favorite-1.png */,
				1A7BD7A9175C957300D867CB /* favorite-1@2x.png */,
				1A7BD7AC175C99A900D867CB /* back.png */,
				1A7BD7AD175C99A900D867CB /* back@2x.png */,
			);
			path = Resources;
			sourceTree = "<group>";
		};
		4F2D96AA173415BE0026EE80 /* API */ = {
			isa = PBXGroup;
			children = (
				4F2D96AB173417F90026EE80 /* ShokaWebpacAPI.h */,
				4F2D96AC173417F90026EE80 /* ShokaWebpacAPI.m */,
				4F2D96AE1734182F0026EE80 /* ShokaDoubanAPI.h */,
				4F2D96AF1734182F0026EE80 /* ShokaDoubanAPI.m */,
			);
			name = API;
			sourceTree = "<group>";
		};
		4FEDF52C1717B8F300C2CC75 = {
			isa = PBXGroup;
			children = (
				4FEDF53E1717B8F300C2CC75 /* Shoka */,
				4FEDF5371717B8F300C2CC75 /* Frameworks */,
				4FEDF5361717B8F300C2CC75 /* Products */,
				68C59F1202C041A0917BEDBA /* Pods.xcconfig */,
			);
			sourceTree = "<group>";
		};
		4FEDF5361717B8F300C2CC75 /* Products */ = {
			isa = PBXGroup;
			children = (
				4FEDF5351717B8F300C2CC75 /* Shoka.app */,
			);
			name = Products;
			sourceTree = "<group>";
		};
		4FEDF5371717B8F300C2CC75 /* Frameworks */ = {
			isa = PBXGroup;
			children = (
				4FFEDBE21738DCCF008D87FA /* MobileCoreServices.framework */,
				4FFEDBE31738DCCF008D87FA /* SystemConfiguration.framework */,
				4FEDF5381717B8F300C2CC75 /* UIKit.framework */,
				4FEDF53A1717B8F300C2CC75 /* Foundation.framework */,
				4FEDF53C1717B8F300C2CC75 /* CoreGraphics.framework */,
				591146B6C9BF46D6B930A9A0 /* libPods.a */,
			);
			name = Frameworks;
			sourceTree = "<group>";
		};
		4FEDF53E1717B8F300C2CC75 /* Shoka */ = {
			isa = PBXGroup;
			children = (
				4F2D96AA173415BE0026EE80 /* API */,
				1A6508B51734051800F0100C /* Model */,
				1A4011431750A60100359440 /* View */,
				1A4011481750A87700359440 /* Controller */,
				1AC8A1DF173BAF6A00A512A0 /* Resources */,
				4FEDF53F1717B8F300C2CC75 /* Supporting Files */,
			);
			path = Shoka;
			sourceTree = "<group>";
		};
		4FEDF53F1717B8F300C2CC75 /* Supporting Files */ = {
			isa = PBXGroup;
			children = (
				4FEDF5401717B8F300C2CC75 /* Shoka-Info.plist */,
				4FEDF5411717B8F300C2CC75 /* InfoPlist.strings */,
				4FEDF5441717B8F300C2CC75 /* main.m */,
				4FEDF5461717B8F300C2CC75 /* Shoka-Prefix.pch */,
				4FEDF54A1717B8F300C2CC75 /* Default.png */,
				4FEDF54C1717B8F300C2CC75 /* Default@2x.png */,
				4FEDF54E1717B8F300C2CC75 /* Default-568h@2x.png */,
			);
			name = "Supporting Files";
			sourceTree = "<group>";
		};
/* End PBXGroup section */

/* Begin PBXNativeTarget section */
		4FEDF5341717B8F300C2CC75 /* Shoka */ = {
			isa = PBXNativeTarget;
			buildConfigurationList = 4FEDF55B1717B8F400C2CC75 /* Build configuration list for PBXNativeTarget "Shoka" */;
			buildPhases = (
				1902A431B61D44878DD752D8 /* Check Pods Manifest.lock */,
				4FEDF5311717B8F300C2CC75 /* Sources */,
				4FEDF5321717B8F300C2CC75 /* Frameworks */,
				4FEDF5331717B8F300C2CC75 /* Resources */,
				1F23A6CD8F5F45D8926F308C /* Copy Pods Resources */,
			);
			buildRules = (
			);
			dependencies = (
			);
			name = Shoka;
			productName = Shoka;
			productReference = 4FEDF5351717B8F300C2CC75 /* Shoka.app */;
			productType = "com.apple.product-type.application";
		};
/* End PBXNativeTarget section */

/* Begin PBXProject section */
		4FEDF52D1717B8F300C2CC75 /* Project object */ = {
			isa = PBXProject;
			attributes = {
				CLASSPREFIX = Shoka;
				LastUpgradeCheck = 0460;
				ORGANIZATIONNAME = Team.TeaWhen;
			};
			buildConfigurationList = 4FEDF5301717B8F300C2CC75 /* Build configuration list for PBXProject "Shoka" */;
			compatibilityVersion = "Xcode 3.2";
			developmentRegion = English;
			hasScannedForEncodings = 0;
			knownRegions = (
				en,
			);
			mainGroup = 4FEDF52C1717B8F300C2CC75;
			productRefGroup = 4FEDF5361717B8F300C2CC75 /* Products */;
			projectDirPath = "";
			projectRoot = "";
			targets = (
				4FEDF5341717B8F300C2CC75 /* Shoka */,
			);
		};
/* End PBXProject section */

/* Begin PBXResourcesBuildPhase section */
		4FEDF5331717B8F300C2CC75 /* Resources */ = {
			isa = PBXResourcesBuildPhase;
			buildActionMask = 2147483647;
			files = (
				4FEDF5431717B8F300C2CC75 /* InfoPlist.strings in Resources */,
				4FEDF54B1717B8F300C2CC75 /* Default.png in Resources */,
				4FEDF54D1717B8F300C2CC75 /* Default@2x.png in Resources */,
				4FEDF54F1717B8F300C2CC75 /* Default-568h@2x.png in Resources */,
				4FEDF5521717B8F400C2CC75 /* MainStoryboard_iPhone.storyboard in Resources */,
				4FEDF5551717B8F400C2CC75 /* MainStoryboard_iPad.storyboard in Resources */,
				1A2A56EE173DECC70022F7AE /* icon-57.png in Resources */,
				1A2A56F0173DECCB0022F7AE /* icon-57@2x.png in Resources */,
				1A7BD7A4175C947100D867CB /* favorite-0.png in Resources */,
				1A7BD7A5175C947100D867CB /* favorite-0@2x.png in Resources */,
				1A7BD7AA175C957300D867CB /* favorite-1.png in Resources */,
				1A7BD7AB175C957300D867CB /* favorite-1@2x.png in Resources */,
				1A7BD7AE175C99A900D867CB /* back.png in Resources */,
				1A7BD7AF175C99A900D867CB /* back@2x.png in Resources */,
				1A42E6DD1764A8D9009D70EA /* icon-72.png in Resources */,
				1A42E6DE1764A8D9009D70EA /* icon-72@2x.png in Resources */,
			);
			runOnlyForDeploymentPostprocessing = 0;
		};
/* End PBXResourcesBuildPhase section */

/* Begin PBXShellScriptBuildPhase section */
		1902A431B61D44878DD752D8 /* Check Pods Manifest.lock */ = {
			isa = PBXShellScriptBuildPhase;
			buildActionMask = 2147483647;
			files = (
			);
			inputPaths = (
			);
			name = "Check Pods Manifest.lock";
			outputPaths = (
			);
			runOnlyForDeploymentPostprocessing = 0;
			shellPath = /bin/sh;
			shellScript = "diff \"${PODS_ROOT}/../Podfile.lock\" \"${PODS_ROOT}/Manifest.lock\" > /dev/null\nif [[ $? != 0 ]] ; then\n    cat << EOM\nerror: The sanbox is not in sync with the Podfile.lock. Run 'pod install'.\nEOM\n    exit 1\nfi\n";
		};
		1F23A6CD8F5F45D8926F308C /* Copy Pods Resources */ = {
			isa = PBXShellScriptBuildPhase;
			buildActionMask = 2147483647;
			files = (
			);
			inputPaths = (
			);
			name = "Copy Pods Resources";
			outputPaths = (
			);
			runOnlyForDeploymentPostprocessing = 0;
			shellPath = /bin/sh;
			shellScript = "\"${SRCROOT}/Pods/Pods-resources.sh\"\n";
		};
/* End PBXShellScriptBuildPhase section */

/* Begin PBXSourcesBuildPhase section */
		4FEDF5311717B8F300C2CC75 /* Sources */ = {
			isa = PBXSourcesBuildPhase;
			buildActionMask = 2147483647;
			files = (
				4FEDF5451717B8F300C2CC75 /* main.m in Sources */,
				4FEDF5491717B8F300C2CC75 /* ShokaAppDelegate.m in Sources */,
				4FEDF5581717B8F400C2CC75 /* ShokaViewController.m in Sources */,
				1A6508B4173404F000F0100C /* ShokaFavorites.m in Sources */,
				1A6508B81734053600F0100C /* ShokaResult.m in Sources */,
				1A6508BB1734054D00F0100C /* ShokaBook.m in Sources */,
				4F2D96AD173417F90026EE80 /* ShokaWebpacAPI.m in Sources */,
				4F2D96B01734182F0026EE80 /* ShokaDoubanAPI.m in Sources */,
				4FBD69C417366D3900DB98B7 /* ShokaBookDetailViewController.m in Sources */,
				4FBD69C717368B9700DB98B7 /* ShokaItem.m in Sources */,
				1AC8A1EE173BB8B000A512A0 /* ShokaGrayView.m in Sources */,
				1AC8A1F1173BFCD800A512A0 /* ShokaItemTableViewCell.m in Sources */,
				1A4011461750A6AE00359440 /* ShokaFavoritesViewController.m in Sources */,
			);
			runOnlyForDeploymentPostprocessing = 0;
		};
/* End PBXSourcesBuildPhase section */

/* Begin PBXVariantGroup section */
		4FEDF5411717B8F300C2CC75 /* InfoPlist.strings */ = {
			isa = PBXVariantGroup;
			children = (
				4FEDF5421717B8F300C2CC75 /* en */,
			);
			name = InfoPlist.strings;
			sourceTree = "<group>";
		};
		4FEDF5501717B8F400C2CC75 /* MainStoryboard_iPhone.storyboard */ = {
			isa = PBXVariantGroup;
			children = (
				4FEDF5511717B8F400C2CC75 /* en */,
			);
			name = MainStoryboard_iPhone.storyboard;
			sourceTree = "<group>";
		};
		4FEDF5531717B8F400C2CC75 /* MainStoryboard_iPad.storyboard */ = {
			isa = PBXVariantGroup;
			children = (
				4FEDF5541717B8F400C2CC75 /* en */,
			);
			name = MainStoryboard_iPad.storyboard;
			sourceTree = "<group>";
		};
/* End PBXVariantGroup section */

/* Begin XCBuildConfiguration section */
		4FEDF5591717B8F400C2CC75 /* Debug */ = {
			isa = XCBuildConfiguration;
			buildSettings = {
				ALWAYS_SEARCH_USER_PATHS = NO;
				CLANG_CXX_LANGUAGE_STANDARD = "gnu++0x";
				CLANG_CXX_LIBRARY = "libc++";
				CLANG_ENABLE_OBJC_ARC = YES;
				CLANG_WARN_CONSTANT_CONVERSION = YES;
				CLANG_WARN_EMPTY_BODY = YES;
				CLANG_WARN_ENUM_CONVERSION = YES;
				CLANG_WARN_INT_CONVERSION = YES;
				CLANG_WARN__DUPLICATE_METHOD_MATCH = YES;
				"CODE_SIGN_IDENTITY[sdk=iphoneos*]" = "iPhone Developer";
				COPY_PHASE_STRIP = NO;
				GCC_C_LANGUAGE_STANDARD = gnu99;
				GCC_DYNAMIC_NO_PIC = NO;
				GCC_OPTIMIZATION_LEVEL = 0;
				GCC_PREPROCESSOR_DEFINITIONS = (
					"DEBUG=1",
					"$(inherited)",
				);
				GCC_SYMBOLS_PRIVATE_EXTERN = NO;
				GCC_WARN_ABOUT_RETURN_TYPE = YES;
				GCC_WARN_UNINITIALIZED_AUTOS = YES;
				GCC_WARN_UNUSED_VARIABLE = YES;
				IPHONEOS_DEPLOYMENT_TARGET = 6.0;
				ONLY_ACTIVE_ARCH = YES;
				SDKROOT = iphoneos;
				TARGETED_DEVICE_FAMILY = "1,2";
			};
			name = Debug;
		};
		4FEDF55A1717B8F400C2CC75 /* Release */ = {
			isa = XCBuildConfiguration;
			buildSettings = {
				ALWAYS_SEARCH_USER_PATHS = NO;
				CLANG_CXX_LANGUAGE_STANDARD = "gnu++0x";
				CLANG_CXX_LIBRARY = "libc++";
				CLANG_ENABLE_OBJC_ARC = YES;
				CLANG_WARN_CONSTANT_CONVERSION = YES;
				CLANG_WARN_EMPTY_BODY = YES;
				CLANG_WARN_ENUM_CONVERSION = YES;
				CLANG_WARN_INT_CONVERSION = YES;
				CLANG_WARN__DUPLICATE_METHOD_MATCH = YES;
				"CODE_SIGN_IDENTITY[sdk=iphoneos*]" = "iPhone Developer";
				COPY_PHASE_STRIP = YES;
				GCC_C_LANGUAGE_STANDARD = gnu99;
				GCC_WARN_ABOUT_RETURN_TYPE = YES;
				GCC_WARN_UNINITIALIZED_AUTOS = YES;
				GCC_WARN_UNUSED_VARIABLE = YES;
				IPHONEOS_DEPLOYMENT_TARGET = 6.0;
				OTHER_CFLAGS = "-DNS_BLOCK_ASSERTIONS=1";
				SDKROOT = iphoneos;
				TARGETED_DEVICE_FAMILY = "1,2";
				VALIDATE_PRODUCT = YES;
			};
			name = Release;
		};
		4FEDF55C1717B8F400C2CC75 /* Debug */ = {
			isa = XCBuildConfiguration;
			baseConfigurationReference = 68C59F1202C041A0917BEDBA /* Pods.xcconfig */;
			buildSettings = {
				GCC_PRECOMPILE_PREFIX_HEADER = YES;
				GCC_PREFIX_HEADER = "Shoka/Shoka-Prefix.pch";
				INFOPLIST_FILE = "Shoka/Shoka-Info.plist";
				PRODUCT_NAME = "$(TARGET_NAME)";
				TARGETED_DEVICE_FAMILY = 1;
				WRAPPER_EXTENSION = app;
			};
			name = Debug;
		};
		4FEDF55D1717B8F400C2CC75 /* Release */ = {
			isa = XCBuildConfiguration;
			baseConfigurationReference = 68C59F1202C041A0917BEDBA /* Pods.xcconfig */;
			buildSettings = {
				CODE_SIGN_IDENTITY = "iPhone Distribution";
				"CODE_SIGN_IDENTITY[sdk=iphoneos*]" = "iPhone Distribution";
				GCC_PRECOMPILE_PREFIX_HEADER = YES;
				GCC_PREFIX_HEADER = "Shoka/Shoka-Prefix.pch";
				INFOPLIST_FILE = "Shoka/Shoka-Info.plist";
				PRODUCT_NAME = "$(TARGET_NAME)";
				PROVISIONING_PROFILE = "";
				"PROVISIONING_PROFILE[sdk=iphoneos*]" = "";
				TARGETED_DEVICE_FAMILY = 1;
				WRAPPER_EXTENSION = app;
			};
			name = Release;
		};
/* End XCBuildConfiguration section */

/* Begin XCConfigurationList section */
		4FEDF5301717B8F300C2CC75 /* Build configuration list for PBXProject "Shoka" */ = {
			isa = XCConfigurationList;
			buildConfigurations = (
				4FEDF5591717B8F400C2CC75 /* Debug */,
				4FEDF55A1717B8F400C2CC75 /* Release */,
			);
			defaultConfigurationIsVisible = 0;
			defaultConfigurationName = Release;
		};
		4FEDF55B1717B8F400C2CC75 /* Build configuration list for PBXNativeTarget "Shoka" */ = {
			isa = XCConfigurationList;
			buildConfigurations = (
				4FEDF55C1717B8F400C2CC75 /* Debug */,
				4FEDF55D1717B8F400C2CC75 /* Release */,
			);
			defaultConfigurationIsVisible = 0;
			defaultConfigurationName = Release;
		};
/* End XCConfigurationList section */
	};
	rootObject = 4FEDF52D1717B8F300C2CC75 /* Project object */;
}
